
Microsoft Visual Studio Solution File, Format Version 12.00
# Visual Studio 15
VisualStudioVersion = 15.0.28010.2046
MinimumVisualStudioVersion = 10.0.40219.1
Project("{FAE04EC0-301F-11D3-BF4B-00C04F79EFBC}") = "OpenDataImport", "OpenDataImport\OpenDataImport.csproj", "{6FD02C43-4E02-4666-A253-67F10E685515}"
EndProject
Global
	GlobalSection(SolutionConfigurationPlatforms) = preSolution
		Debug|Any CPU = Debug|Any CPU
		Release|Any CPU = Release|Any CPU
	EndGlobalSection
	GlobalSection(ProjectConfigurationPlatforms) = postSolution
		{6FD02C43-4E02-4666-A253-67F10E685515}.Debug|Any CPU.ActiveCfg = Debug|Any CPU
		{6FD02C43-4E02-4666-A253-67F10E685515}.Debug|Any CPU.Build.0 = Debug|Any CPU
		{6FD02C43-4E02-4666-A253-67F10E685515}.Release|Any CPU.ActiveCfg = Release|Any CPU
		{6FD02C43-4E02-4666-A253-67F10E685515}.Release|Any CPU.Build.0 = Release|Any CPU
	EndGlobalSection
	GlobalSection(SolutionProperties) = preSolution
		HideSolutionNode = FALSE
	EndGlobalSection
	GlobalSection(ExtensibilityGlobals) = postSolution
		SolutionGuid = {57794070-F3F7-49EC-9CBE-4CD453F7C05B}
	EndGlobalSection
EndGlobal
